
Microsoft Visual Studio Solution File, Format Version 12.00
# Visual Studio 15
VisualStudioVersion = 15.0.27004.2005
MinimumVisualStudioVersion = 10.0.40219.1
Project("{8BC9CEB8-8B4A-11D0-8D11-00A0C91BC942}") = "sanwei", "sanwei.vcxproj", "{09ED7538-8BB4-4331-898C-4685FAEADF95}"
EndProject
Global
	GlobalSection(SolutionConfigurationPlatforms) = preSolution
		Debug|x86 = Debug|x86
		Release|x86 = Release|x86
	EndGlobalSection
	GlobalSection(ProjectConfigurationPlatforms) = postSolution
		{09ED7538-8BB4-4331-898C-4685FAEADF95}.Debug|x86.ActiveCfg = Debug|Win32
		{09ED7538-8BB4-4331-898C-4685FAEADF95}.Debug|x86.Build.0 = Debug|Win32
		{09ED7538-8BB4-4331-898C-4685FAEADF95}.Release|x86.ActiveCfg = Release|Win32
		{09ED7538-8BB4-4331-898C-4685FAEADF95}.Release|x86.Build.0 = Release|Win32
	EndGlobalSection
	GlobalSection(SolutionProperties) = preSolution
		HideSolutionNode = FALSE
	EndGlobalSection
	GlobalSection(ExtensibilityGlobals) = postSolution
		SolutionGuid = {1EB34271-E205-4C62-9AAA-33E1DA2EFD7C}
	EndGlobalSection
EndGlobal
